
Microsoft Visual Studio Solution File, Format Version 12.00
# Visual Studio Version 16
VisualStudioVersion = 16.0.30204.135
MinimumVisualStudioVersion = 10.0.40219.1
Project("{2150E333-8FDC-42A3-9474-1A3956D46DE8}") = "Librarys", "Librarys", "{1EE5AC1C-5147-47C0-A6BF-435DD3B1A9A5}"
EndProject
Project("{2150E333-8FDC-42A3-9474-1A3956D46DE8}") = "ReCaptcha", "ReCaptcha", "{5BA603ED-1E3D-4FA7-8B05-97C8ED35EEFF}"
EndProject
Project("{9A19103F-16F7-4668-BE54-9A1E7A4F7556}") = "Library.TwoCaptcha", "Library.TwoCaptcha\Library.TwoCaptcha.csproj", "{9C9E2741-CEA5-47F8-A235-0996465D384A}"
EndProject
Project("{2150E333-8FDC-42A3-9474-1A3956D46DE8}") = "Web", "Web", "{E7F125E6-89D4-441D-98CF-C9F522935E03}"
EndProject
Project("{9A19103F-16F7-4668-BE54-9A1E7A4F7556}") = "Library.WebRequest", "Library.WebRequest\Library.WebRequest.csproj", "{771F849B-F358-428A-A1EC-A127E470F71D}"
EndProject
Project("{2150E333-8FDC-42A3-9474-1A3956D46DE8}") = "Generic", "Generic", "{987CB482-C117-41DC-B114-114FD75DB44F}"
EndProject
Project("{9A19103F-16F7-4668-BE54-9A1E7A4F7556}") = "Library.Useful", "Library.Util\Library.Useful.csproj", "{70ABFA19-395D-43DE-AC08-7D6ED2A55B6A}"
EndProject
Project("{2150E333-8FDC-42A3-9474-1A3956D46DE8}") = "Text", "Text", "{F102CB0B-80CE-4A1C-B6A7-0000527A1A4F}"
EndProject
Project("{9A19103F-16F7-4668-BE54-9A1E7A4F7556}") = "Library.TextHelp", "Library.TextHelp\Library.TextHelp.csproj", "{E0E56102-BA16-494D-9236-422259B655B7}"
EndProject
Project("{2150E333-8FDC-42A3-9474-1A3956D46DE8}") = "Models", "Models", "{F0B78388-FAA5-4C0C-AEAC-475255196F99}"
EndProject
Project("{9A19103F-16F7-4668-BE54-9A1E7A4F7556}") = "Model.Generic", "Model.Generic\Model.Generic.csproj", "{092BFC29-ED5A-40CE-8446-32E34A80CFA9}"
EndProject
Project("{2150E333-8FDC-42A3-9474-1A3956D46DE8}") = "SO", "SO", "{EA8FBC45-1486-4B81-8758-5DD7AC2611D0}"
EndProject
Project("{9A19103F-16F7-4668-BE54-9A1E7A4F7556}") = "Library.System", "Library.System\Library.System.csproj", "{141FC038-23B5-4AF5-9798-E6B9885DBC13}"
EndProject
Project("{9A19103F-16F7-4668-BE54-9A1E7A4F7556}") = "Library.WebDriver", "Library.WebDriver\Library.WebDriver.csproj", "{91E50A3F-9E14-4565-8E37-6342ECF5F82A}"
EndProject
Project("{2150E333-8FDC-42A3-9474-1A3956D46DE8}") = "Criptography", "Criptography", "{8B1F3DD6-A149-48F5-81A0-E52FE5F4B830}"
EndProject
Project("{9A19103F-16F7-4668-BE54-9A1E7A4F7556}") = "Model.Captcha", "Model.Captcha\Model.Captcha.csproj", "{ABD1238F-FAA9-4002-9D48-FC741CA948BB}"
EndProject
Project("{FAE04EC0-301F-11D3-BF4B-00C04F79EFBC}") = "Teste", "Teste\Teste.csproj", "{A5859A46-71CE-46F9-BC80-D1867133E2AB}"
EndProject
Project("{2150E333-8FDC-42A3-9474-1A3956D46DE8}") = "Excel", "Excel", "{4DFA9B4E-9202-4BBC-A712-CA88861048E0}"
EndProject
Project("{FAE04EC0-301F-11D3-BF4B-00C04F79EFBC}") = "Library.ExcelSql", "Library.ExcelSql\Library.ExcelSql.csproj", "{C0C39C8B-BDAC-482E-A3CF-80E511C87270}"
EndProject
Project("{FAE04EC0-301F-11D3-BF4B-00C04F79EFBC}") = "Library.ExcelWorkbook", "Library.ExcelWorkbook\Library.ExcelWorkbook.csproj", "{68385806-B7EF-4FCB-92F1-FF3A913FCDDE}"
EndProject
Project("{2150E333-8FDC-42A3-9474-1A3956D46DE8}") = "Email", "Email", "{F9C7E5B3-3B64-4D84-9E33-7BFB5A6E5E8A}"
EndProject
Project("{FAE04EC0-301F-11D3-BF4B-00C04F79EFBC}") = "Library.Email", "Library.Email\Library.Email.csproj", "{A4D3B3EE-AE15-48A0-BECC-EDEA59E2E468}"
EndProject
Global
	GlobalSection(SolutionConfigurationPlatforms) = preSolution
		Debug|Any CPU = Debug|Any CPU
		Release|Any CPU = Release|Any CPU
	EndGlobalSection
	GlobalSection(ProjectConfigurationPlatforms) = postSolution
		{9C9E2741-CEA5-47F8-A235-0996465D384A}.Debug|Any CPU.ActiveCfg = Debug|Any CPU
		{9C9E2741-CEA5-47F8-A235-0996465D384A}.Debug|Any CPU.Build.0 = Debug|Any CPU
		{9C9E2741-CEA5-47F8-A235-0996465D384A}.Release|Any CPU.ActiveCfg = Release|Any CPU
		{9C9E2741-CEA5-47F8-A235-0996465D384A}.Release|Any CPU.Build.0 = Release|Any CPU
		{771F849B-F358-428A-A1EC-A127E470F71D}.Debug|Any CPU.ActiveCfg = Debug|Any CPU
		{771F849B-F358-428A-A1EC-A127E470F71D}.Debug|Any CPU.Build.0 = Debug|Any CPU
		{771F849B-F358-428A-A1EC-A127E470F71D}.Release|Any CPU.ActiveCfg = Release|Any CPU
		{771F849B-F358-428A-A1EC-A127E470F71D}.Release|Any CPU.Build.0 = Release|Any CPU
		{70ABFA19-395D-43DE-AC08-7D6ED2A55B6A}.Debug|Any CPU.ActiveCfg = Debug|Any CPU
		{70ABFA19-395D-43DE-AC08-7D6ED2A55B6A}.Debug|Any CPU.Build.0 = Debug|Any CPU
		{70ABFA19-395D-43DE-AC08-7D6ED2A55B6A}.Release|Any CPU.ActiveCfg = Release|Any CPU
		{70ABFA19-395D-43DE-AC08-7D6ED2A55B6A}.Release|Any CPU.Build.0 = Release|Any CPU
		{E0E56102-BA16-494D-9236-422259B655B7}.Debug|Any CPU.ActiveCfg = Debug|Any CPU
		{E0E56102-BA16-494D-9236-422259B655B7}.Debug|Any CPU.Build.0 = Debug|Any CPU
		{E0E56102-BA16-494D-9236-422259B655B7}.Release|Any CPU.ActiveCfg = Release|Any CPU
		{E0E56102-BA16-494D-9236-422259B655B7}.Release|Any CPU.Build.0 = Release|Any CPU
		{092BFC29-ED5A-40CE-8446-32E34A80CFA9}.Debug|Any CPU.ActiveCfg = Debug|Any CPU
		{092BFC29-ED5A-40CE-8446-32E34A80CFA9}.Debug|Any CPU.Build.0 = Debug|Any CPU
		{092BFC29-ED5A-40CE-8446-32E34A80CFA9}.Release|Any CPU.ActiveCfg = Release|Any CPU
		{092BFC29-ED5A-40CE-8446-32E34A80CFA9}.Release|Any CPU.Build.0 = Release|Any CPU
		{141FC038-23B5-4AF5-9798-E6B9885DBC13}.Debug|Any CPU.ActiveCfg = Debug|Any CPU
		{141FC038-23B5-4AF5-9798-E6B9885DBC13}.Debug|Any CPU.Build.0 = Debug|Any CPU
		{141FC038-23B5-4AF5-9798-E6B9885DBC13}.Release|Any CPU.ActiveCfg = Release|Any CPU
		{141FC038-23B5-4AF5-9798-E6B9885DBC13}.Release|Any CPU.Build.0 = Release|Any CPU
		{91E50A3F-9E14-4565-8E37-6342ECF5F82A}.Debug|Any CPU.ActiveCfg = Debug|Any CPU
		{91E50A3F-9E14-4565-8E37-6342ECF5F82A}.Debug|Any CPU.Build.0 = Debug|Any CPU
		{91E50A3F-9E14-4565-8E37-6342ECF5F82A}.Release|Any CPU.ActiveCfg = Release|Any CPU
		{91E50A3F-9E14-4565-8E37-6342ECF5F82A}.Release|Any CPU.Build.0 = Release|Any CPU
		{ABD1238F-FAA9-4002-9D48-FC741CA948BB}.Debug|Any CPU.ActiveCfg = Debug|Any CPU
		{ABD1238F-FAA9-4002-9D48-FC741CA948BB}.Debug|Any CPU.Build.0 = Debug|Any CPU
		{ABD1238F-FAA9-4002-9D48-FC741CA948BB}.Release|Any CPU.ActiveCfg = Release|Any CPU
		{ABD1238F-FAA9-4002-9D48-FC741CA948BB}.Release|Any CPU.Build.0 = Release|Any CPU
		{A5859A46-71CE-46F9-BC80-D1867133E2AB}.Debug|Any CPU.ActiveCfg = Debug|Any CPU
		{A5859A46-71CE-46F9-BC80-D1867133E2AB}.Debug|Any CPU.Build.0 = Debug|Any CPU
		{A5859A46-71CE-46F9-BC80-D1867133E2AB}.Release|Any CPU.ActiveCfg = Release|Any CPU
		{A5859A46-71CE-46F9-BC80-D1867133E2AB}.Release|Any CPU.Build.0 = Release|Any CPU
		{C0C39C8B-BDAC-482E-A3CF-80E511C87270}.Debug|Any CPU.ActiveCfg = Debug|Any CPU
		{C0C39C8B-BDAC-482E-A3CF-80E511C87270}.Debug|Any CPU.Build.0 = Debug|Any CPU
		{C0C39C8B-BDAC-482E-A3CF-80E511C87270}.Release|Any CPU.ActiveCfg = Release|Any CPU
		{C0C39C8B-BDAC-482E-A3CF-80E511C87270}.Release|Any CPU.Build.0 = Release|Any CPU
		{68385806-B7EF-4FCB-92F1-FF3A913FCDDE}.Debug|Any CPU.ActiveCfg = Debug|Any CPU
		{68385806-B7EF-4FCB-92F1-FF3A913FCDDE}.Debug|Any CPU.Build.0 = Debug|Any CPU
		{68385806-B7EF-4FCB-92F1-FF3A913FCDDE}.Release|Any CPU.ActiveCfg = Release|Any CPU
		{68385806-B7EF-4FCB-92F1-FF3A913FCDDE}.Release|Any CPU.Build.0 = Release|Any CPU
		{A4D3B3EE-AE15-48A0-BECC-EDEA59E2E468}.Debug|Any CPU.ActiveCfg = Debug|Any CPU
		{A4D3B3EE-AE15-48A0-BECC-EDEA59E2E468}.Debug|Any CPU.Build.0 = Debug|Any CPU
		{A4D3B3EE-AE15-48A0-BECC-EDEA59E2E468}.Release|Any CPU.ActiveCfg = Release|Any CPU
		{A4D3B3EE-AE15-48A0-BECC-EDEA59E2E468}.Release|Any CPU.Build.0 = Release|Any CPU
	EndGlobalSection
	GlobalSection(SolutionProperties) = preSolution
		HideSolutionNode = FALSE
	EndGlobalSection
	GlobalSection(NestedProjects) = preSolution
		{5BA603ED-1E3D-4FA7-8B05-97C8ED35EEFF} = {1EE5AC1C-5147-47C0-A6BF-435DD3B1A9A5}
		{9C9E2741-CEA5-47F8-A235-0996465D384A} = {5BA603ED-1E3D-4FA7-8B05-97C8ED35EEFF}
		{E7F125E6-89D4-441D-98CF-C9F522935E03} = {1EE5AC1C-5147-47C0-A6BF-435DD3B1A9A5}
		{771F849B-F358-428A-A1EC-A127E470F71D} = {E7F125E6-89D4-441D-98CF-C9F522935E03}
		{987CB482-C117-41DC-B114-114FD75DB44F} = {1EE5AC1C-5147-47C0-A6BF-435DD3B1A9A5}
		{70ABFA19-395D-43DE-AC08-7D6ED2A55B6A} = {987CB482-C117-41DC-B114-114FD75DB44F}
		{F102CB0B-80CE-4A1C-B6A7-0000527A1A4F} = {1EE5AC1C-5147-47C0-A6BF-435DD3B1A9A5}
		{E0E56102-BA16-494D-9236-422259B655B7} = {F102CB0B-80CE-4A1C-B6A7-0000527A1A4F}
		{092BFC29-ED5A-40CE-8446-32E34A80CFA9} = {F0B78388-FAA5-4C0C-AEAC-475255196F99}
		{EA8FBC45-1486-4B81-8758-5DD7AC2611D0} = {1EE5AC1C-5147-47C0-A6BF-435DD3B1A9A5}
		{141FC038-23B5-4AF5-9798-E6B9885DBC13} = {EA8FBC45-1486-4B81-8758-5DD7AC2611D0}
		{91E50A3F-9E14-4565-8E37-6342ECF5F82A} = {E7F125E6-89D4-441D-98CF-C9F522935E03}
		{8B1F3DD6-A149-48F5-81A0-E52FE5F4B830} = {1EE5AC1C-5147-47C0-A6BF-435DD3B1A9A5}
		{ABD1238F-FAA9-4002-9D48-FC741CA948BB} = {F0B78388-FAA5-4C0C-AEAC-475255196F99}
		{A5859A46-71CE-46F9-BC80-D1867133E2AB} = {8B1F3DD6-A149-48F5-81A0-E52FE5F4B830}
		{4DFA9B4E-9202-4BBC-A712-CA88861048E0} = {1EE5AC1C-5147-47C0-A6BF-435DD3B1A9A5}
		{C0C39C8B-BDAC-482E-A3CF-80E511C87270} = {4DFA9B4E-9202-4BBC-A712-CA88861048E0}
		{68385806-B7EF-4FCB-92F1-FF3A913FCDDE} = {4DFA9B4E-9202-4BBC-A712-CA88861048E0}
		{F9C7E5B3-3B64-4D84-9E33-7BFB5A6E5E8A} = {1EE5AC1C-5147-47C0-A6BF-435DD3B1A9A5}
		{A4D3B3EE-AE15-48A0-BECC-EDEA59E2E468} = {F9C7E5B3-3B64-4D84-9E33-7BFB5A6E5E8A}
	EndGlobalSection
	GlobalSection(ExtensibilityGlobals) = postSolution
		SolutionGuid = {EE1795FC-475B-40C1-9939-94790492804D}
	EndGlobalSection
EndGlobal
